// !$*UTF8*$!
{
	archiveVersion = 1;
	classes = {
	};
	objectVersion = 51;
	objects = {

/* Begin PBXBuildFile section */
		3279C94426A86A2F009DD9D4 /* StopTypingResponse.swift in Sources */ = {isa = PBXBuildFile; fileRef = 3279C94326A86A2F009DD9D4 /* StopTypingResponse.swift */; };
		3282255D26976219002628F7 /* AppDelegate.swift in Sources */ = {isa = PBXBuildFile; fileRef = 3282255C26976219002628F7 /* AppDelegate.swift */; };
		3282256126976219002628F7 /* ViewController.swift in Sources */ = {isa = PBXBuildFile; fileRef = 3282256026976219002628F7 /* ViewController.swift */; };
		3282256426976219002628F7 /* Main.storyboard in Resources */ = {isa = PBXBuildFile; fileRef = 3282256226976219002628F7 /* Main.storyboard */; };
		328225662697621A002628F7 /* Assets.xcassets in Resources */ = {isa = PBXBuildFile; fileRef = 328225652697621A002628F7 /* Assets.xcassets */; };
		328225692697621A002628F7 /* LaunchScreen.storyboard in Resources */ = {isa = PBXBuildFile; fileRef = 328225672697621A002628F7 /* LaunchScreen.storyboard */; };
		3282257326976277002628F7 /* StarScreamManager.swift in Sources */ = {isa = PBXBuildFile; fileRef = 3282257226976277002628F7 /* StarScreamManager.swift */; };
		3282257A26976293002628F7 /* SocketIOManager.swift in Sources */ = {isa = PBXBuildFile; fileRef = 3282257526976293002628F7 /* SocketIOManager.swift */; };
		3282257B26976293002628F7 /* SocketParser.swift in Sources */ = {isa = PBXBuildFile; fileRef = 3282257626976293002628F7 /* SocketParser.swift */; };
		3282257C26976293002628F7 /* TypingResponse.swift in Sources */ = {isa = PBXBuildFile; fileRef = 3282257726976293002628F7 /* TypingResponse.swift */; };
		3282257D26976293002628F7 /* MessageEvent.swift in Sources */ = {isa = PBXBuildFile; fileRef = 3282257826976293002628F7 /* MessageEvent.swift */; };
		3282257E26976293002628F7 /* SocketIOEvent.swift in Sources */ = {isa = PBXBuildFile; fileRef = 3282257926976293002628F7 /* SocketIOEvent.swift */; };
		32822581269762A3002628F7 /* Types.swift in Sources */ = {isa = PBXBuildFile; fileRef = 32822580269762A3002628F7 /* Types.swift */; };
		328225A326976477002628F7 /* SceneDelegate.swift in Sources */ = {isa = PBXBuildFile; fileRef = 328225A226976477002628F7 /* SceneDelegate.swift */; };
		3288D31126A71C2B004BFA72 /* SocketIO.swift in Sources */ = {isa = PBXBuildFile; fileRef = 3288D31026A71C2B004BFA72 /* SocketIO.swift */; };
		B5AC77E14D96253D5D57875D /* Pods_SocketIOManager.framework in Frameworks */ = {isa = PBXBuildFile; fileRef = FAC07D8E8E363551F82D07AC /* Pods_SocketIOManager.framework */; };
/* End PBXBuildFile section */

/* Begin PBXFileReference section */
		3279C94326A86A2F009DD9D4 /* StopTypingResponse.swift */ = {isa = PBXFileReference; lastKnownFileType = sourcecode.swift; path = StopTypingResponse.swift; sourceTree = "<group>"; };
		3282255926976219002628F7 /* SocketIOManager.app */ = {isa = PBXFileReference; explicitFileType = wrapper.application; includeInIndex = 0; path = SocketIOManager.app; sourceTree = BUILT_PRODUCTS_DIR; };
		3282255C26976219002628F7 /* AppDelegate.swift */ = {isa = PBXFileReference; lastKnownFileType = sourcecode.swift; path = AppDelegate.swift; sourceTree = "<group>"; };
		3282256026976219002628F7 /* ViewController.swift */ = {isa = PBXFileReference; lastKnownFileType = sourcecode.swift; path = ViewController.swift; sourceTree = "<group>"; };
		3282256326976219002628F7 /* Base */ = {isa = PBXFileReference; lastKnownFileType = file.storyboard; name = Base; path = Base.lproj/Main.storyboard; sourceTree = "<group>"; };
		328225652697621A002628F7 /* Assets.xcassets */ = {isa = PBXFileReference; lastKnownFileType = folder.assetcatalog; path = Assets.xcassets; sourceTree = "<group>"; };
		328225682697621A002628F7 /* Base */ = {isa = PBXFileReference; lastKnownFileType = file.storyboard; name = Base; path = Base.lproj/LaunchScreen.storyboard; sourceTree = "<group>"; };
		3282256A2697621A002628F7 /* Info.plist */ = {isa = PBXFileReference; lastKnownFileType = text.plist.xml; path = Info.plist; sourceTree = "<group>"; };
		3282257226976277002628F7 /* StarScreamManager.swift */ = {isa = PBXFileReference; fileEncoding = 4; lastKnownFileType = sourcecode.swift; path = StarScreamManager.swift; sourceTree = "<group>"; };
		3282257526976293002628F7 /* SocketIOManager.swift */ = {isa = PBXFileReference; fileEncoding = 4; lastKnownFileType = sourcecode.swift; path = SocketIOManager.swift; sourceTree = "<group>"; };
		3282257626976293002628F7 /* SocketParser.swift */ = {isa = PBXFileReference; fileEncoding = 4; lastKnownFileType = sourcecode.swift; path = SocketParser.swift; sourceTree = "<group>"; };
		3282257726976293002628F7 /* TypingResponse.swift */ = {isa = PBXFileReference; fileEncoding = 4; lastKnownFileType = sourcecode.swift; path = TypingResponse.swift; sourceTree = "<group>"; };
		3282257826976293002628F7 /* MessageEvent.swift */ = {isa = PBXFileReference; fileEncoding = 4; lastKnownFileType = sourcecode.swift; path = MessageEvent.swift; sourceTree = "<group>"; };
		3282257926976293002628F7 /* SocketIOEvent.swift */ = {isa = PBXFileReference; fileEncoding = 4; lastKnownFileType = sourcecode.swift; path = SocketIOEvent.swift; sourceTree = "<group>"; };
		32822580269762A3002628F7 /* Types.swift */ = {isa = PBXFileReference; fileEncoding = 4; lastKnownFileType = sourcecode.swift; path = Types.swift; sourceTree = "<group>"; };
		328225A226976477002628F7 /* SceneDelegate.swift */ = {isa = PBXFileReference; fileEncoding = 4; lastKnownFileType = sourcecode.swift; path = SceneDelegate.swift; sourceTree = "<group>"; };
		3288D31026A71C2B004BFA72 /* SocketIO.swift */ = {isa = PBXFileReference; fileEncoding = 4; lastKnownFileType = sourcecode.swift; path = SocketIO.swift; sourceTree = "<group>"; };
		596D4EFB08D92EE4C933704F /* Pods-SocketIOManager.release.xcconfig */ = {isa = PBXFileReference; includeInIndex = 1; lastKnownFileType = text.xcconfig; name = "Pods-SocketIOManager.release.xcconfig"; path = "Target Support Files/Pods-SocketIOManager/Pods-SocketIOManager.release.xcconfig"; sourceTree = "<group>"; };
		731D17DDB6D1D49753B2DF01 /* Pods-SocketIOManager.debug.xcconfig */ = {isa = PBXFileReference; includeInIndex = 1; lastKnownFileType = text.xcconfig; name = "Pods-SocketIOManager.debug.xcconfig"; path = "Target Support Files/Pods-SocketIOManager/Pods-SocketIOManager.debug.xcconfig"; sourceTree = "<group>"; };
		FAC07D8E8E363551F82D07AC /* Pods_SocketIOManager.framework */ = {isa = PBXFileReference; explicitFileType = wrapper.framework; includeInIndex = 0; path = Pods_SocketIOManager.framework; sourceTree = BUILT_PRODUCTS_DIR; };
/* End PBXFileReference section */

/* Begin PBXFrameworksBuildPhase section */
		3282255626976219002628F7 /* Frameworks */ = {
			isa = PBXFrameworksBuildPhase;
			buildActionMask = 2147483647;
			files = (
				B5AC77E14D96253D5D57875D /* Pods_SocketIOManager.framework in Frameworks */,
			);
			runOnlyForDeploymentPostprocessing = 0;
		};
/* End PBXFrameworksBuildPhase section */

/* Begin PBXGroup section */
		032B4AFF55FEC1F86C7E683F /* Frameworks */ = {
			isa = PBXGroup;
			children = (
				FAC07D8E8E363551F82D07AC /* Pods_SocketIOManager.framework */,
			);
			name = Frameworks;
			sourceTree = "<group>";
		};
		3279C94226A86A15009DD9D4 /* Responses */ = {
			isa = PBXGroup;
			children = (
				3282257726976293002628F7 /* TypingResponse.swift */,
				3279C94326A86A2F009DD9D4 /* StopTypingResponse.swift */,
			);
			path = Responses;
			sourceTree = "<group>";
		};
		3282255026976219002628F7 = {
			isa = PBXGroup;
			children = (
				3282255B26976219002628F7 /* SocketIOManager */,
				3282255A26976219002628F7 /* Products */,
				7873737AD226BE0EF643518F /* Pods */,
				032B4AFF55FEC1F86C7E683F /* Frameworks */,
			);
			sourceTree = "<group>";
		};
		3282255A26976219002628F7 /* Products */ = {
			isa = PBXGroup;
			children = (
				3282255926976219002628F7 /* SocketIOManager.app */,
			);
			name = Products;
			sourceTree = "<group>";
		};
		3282255B26976219002628F7 /* SocketIOManager */ = {
			isa = PBXGroup;
			children = (
				3288D30F26A71C18004BFA72 /* Extensions */,
				3282257026976262002628F7 /* NetworkLayer */,
				3282257F2697629B002628F7 /* Common */,
				3282255C26976219002628F7 /* AppDelegate.swift */,
				328225A226976477002628F7 /* SceneDelegate.swift */,
				3282256026976219002628F7 /* ViewController.swift */,
				3282256226976219002628F7 /* Main.storyboard */,
				328225652697621A002628F7 /* Assets.xcassets */,
				328225672697621A002628F7 /* LaunchScreen.storyboard */,
				3282256A2697621A002628F7 /* Info.plist */,
			);
			path = SocketIOManager;
			sourceTree = "<group>";
		};
		3282257026976262002628F7 /* NetworkLayer */ = {
			isa = PBXGroup;
			children = (
				328225712697626D002628F7 /* Starscream */,
				3282257426976287002628F7 /* SocketIO */,
			);
			path = NetworkLayer;
			sourceTree = "<group>";
		};
		328225712697626D002628F7 /* Starscream */ = {
			isa = PBXGroup;
			children = (
				3282257226976277002628F7 /* StarScreamManager.swift */,
			);
			path = Starscream;
			sourceTree = "<group>";
		};
		3282257426976287002628F7 /* SocketIO */ = {
			isa = PBXGroup;
			children = (
				3279C94226A86A15009DD9D4 /* Responses */,
				3282257526976293002628F7 /* SocketIOManager.swift */,
				3282257826976293002628F7 /* MessageEvent.swift */,
				3282257926976293002628F7 /* SocketIOEvent.swift */,
				3282257626976293002628F7 /* SocketParser.swift */,
			);
			path = SocketIO;
			sourceTree = "<group>";
		};
		3282257F2697629B002628F7 /* Common */ = {
			isa = PBXGroup;
			children = (
				32822580269762A3002628F7 /* Types.swift */,
			);
			path = Common;
			sourceTree = "<group>";
		};
		3288D30F26A71C18004BFA72 /* Extensions */ = {
			isa = PBXGroup;
			children = (
				3288D31026A71C2B004BFA72 /* SocketIO.swift */,
			);
			path = Extensions;
			sourceTree = "<group>";
		};
		7873737AD226BE0EF643518F /* Pods */ = {
			isa = PBXGroup;
			children = (
				731D17DDB6D1D49753B2DF01 /* Pods-SocketIOManager.debug.xcconfig */,
				596D4EFB08D92EE4C933704F /* Pods-SocketIOManager.release.xcconfig */,
			);
			path = Pods;
			sourceTree = "<group>";
		};
/* End PBXGroup section */

/* Begin PBXNativeTarget section */
		3282255826976219002628F7 /* SocketIOManager */ = {
			isa = PBXNativeTarget;
			buildConfigurationList = 3282256D2697621A002628F7 /* Build configuration list for PBXNativeTarget "SocketIOManager" */;
			buildPhases = (
				891E9966AFC640A98E000E70 /* [CP] Check Pods Manifest.lock */,
				3282255526976219002628F7 /* Sources */,
				3282255626976219002628F7 /* Frameworks */,
				3282255726976219002628F7 /* Resources */,
				1CF736BC66B8CBCC238282E3 /* [CP] Embed Pods Frameworks */,
			);
			buildRules = (
			);
			dependencies = (
			);
			name = SocketIOManager;
			productName = SocketIOManager;
			productReference = 3282255926976219002628F7 /* SocketIOManager.app */;
			productType = "com.apple.product-type.application";
		};
/* End PBXNativeTarget section */

/* Begin PBXProject section */
		3282255126976219002628F7 /* Project object */ = {
			isa = PBXProject;
			attributes = {
				LastSwiftUpdateCheck = 1250;
				LastUpgradeCheck = 1250;
				ORGANIZATIONNAME = "Dmitry Onishchuk";
				TargetAttributes = {
					3282255826976219002628F7 = {
						CreatedOnToolsVersion = 12.5.1;
					};
				};
			};
			buildConfigurationList = 3282255426976219002628F7 /* Build configuration list for PBXProject "SocketIOManager" */;
			compatibilityVersion = "Xcode 9.3";
			developmentRegion = en;
			hasScannedForEncodings = 0;
			knownRegions = (
				en,
				Base,
			);
			mainGroup = 3282255026976219002628F7;
			productRefGroup = 3282255A26976219002628F7 /* Products */;
			projectDirPath = "";
			projectRoot = "";
			targets = (
				3282255826976219002628F7 /* SocketIOManager */,
			);
		};
/* End PBXProject section */

/* Begin PBXResourcesBuildPhase section */
		3282255726976219002628F7 /* Resources */ = {
			isa = PBXResourcesBuildPhase;
			buildActionMask = 2147483647;
			files = (
				328225692697621A002628F7 /* LaunchScreen.storyboard in Resources */,
				328225662697621A002628F7 /* Assets.xcassets in Resources */,
				3282256426976219002628F7 /* Main.storyboard in Resources */,
			);
			runOnlyForDeploymentPostprocessing = 0;
		};
/* End PBXResourcesBuildPhase section */

/* Begin PBXShellScriptBuildPhase section */
		1CF736BC66B8CBCC238282E3 /* [CP] Embed Pods Frameworks */ = {
			isa = PBXShellScriptBuildPhase;
			buildActionMask = 2147483647;
			files = (
			);
			inputFileListPaths = (
				"${PODS_ROOT}/Target Support Files/Pods-SocketIOManager/Pods-SocketIOManager-frameworks-${CONFIGURATION}-input-files.xcfilelist",
			);
			name = "[CP] Embed Pods Frameworks";
			outputFileListPaths = (
				"${PODS_ROOT}/Target Support Files/Pods-SocketIOManager/Pods-SocketIOManager-frameworks-${CONFIGURATION}-output-files.xcfilelist",
			);
			runOnlyForDeploymentPostprocessing = 0;
			shellPath = /bin/sh;
			shellScript = "\"${PODS_ROOT}/Target Support Files/Pods-SocketIOManager/Pods-SocketIOManager-frameworks.sh\"\n";
			showEnvVarsInLog = 0;
		};
		891E9966AFC640A98E000E70 /* [CP] Check Pods Manifest.lock */ = {
			isa = PBXShellScriptBuildPhase;
			buildActionMask = 2147483647;
			files = (
			);
			inputFileListPaths = (
			);
			inputPaths = (
				"${PODS_PODFILE_DIR_PATH}/Podfile.lock",
				"${PODS_ROOT}/Manifest.lock",
			);
			name = "[CP] Check Pods Manifest.lock";
			outputFileListPaths = (
			);
			outputPaths = (
				"$(DERIVED_FILE_DIR)/Pods-SocketIOManager-checkManifestLockResult.txt",
			);
			runOnlyForDeploymentPostprocessing = 0;
			shellPath = /bin/sh;
			shellScript = "diff \"${PODS_PODFILE_DIR_PATH}/Podfile.lock\" \"${PODS_ROOT}/Manifest.lock\" > /dev/null\nif [ $? != 0 ] ; then\n    # print error to STDERR\n    echo \"error: The sandbox is not in sync with the Podfile.lock. Run 'pod install' or update your CocoaPods installation.\" >&2\n    exit 1\nfi\n# This output is used by Xcode 'outputs' to avoid re-running this script phase.\necho \"SUCCESS\" > \"${SCRIPT_OUTPUT_FILE_0}\"\n";
			showEnvVarsInLog = 0;
		};
/* End PBXShellScriptBuildPhase section */

/* Begin PBXSourcesBuildPhase section */
		3282255526976219002628F7 /* Sources */ = {
			isa = PBXSourcesBuildPhase;
			buildActionMask = 2147483647;
			files = (
				3282257C26976293002628F7 /* TypingResponse.swift in Sources */,
				3282257E26976293002628F7 /* SocketIOEvent.swift in Sources */,
				3282256126976219002628F7 /* ViewController.swift in Sources */,
				3279C94426A86A2F009DD9D4 /* StopTypingResponse.swift in Sources */,
				32822581269762A3002628F7 /* Types.swift in Sources */,
				3282257A26976293002628F7 /* SocketIOManager.swift in Sources */,
				328225A326976477002628F7 /* SceneDelegate.swift in Sources */,
				3282255D26976219002628F7 /* AppDelegate.swift in Sources */,
				3288D31126A71C2B004BFA72 /* SocketIO.swift in Sources */,
				3282257D26976293002628F7 /* MessageEvent.swift in Sources */,
				3282257326976277002628F7 /* StarScreamManager.swift in Sources */,
				3282257B26976293002628F7 /* SocketParser.swift in Sources */,
			);
			runOnlyForDeploymentPostprocessing = 0;
		};
/* End PBXSourcesBuildPhase section */

/* Begin PBXVariantGroup section */
		3282256226976219002628F7 /* Main.storyboard */ = {
			isa = PBXVariantGroup;
			children = (
				3282256326976219002628F7 /* Base */,
			);
			name = Main.storyboard;
			sourceTree = "<group>";
		};
		328225672697621A002628F7 /* LaunchScreen.storyboard */ = {
			isa = PBXVariantGroup;
			children = (
				328225682697621A002628F7 /* Base */,
			);
			name = LaunchScreen.storyboard;
			sourceTree = "<group>";
		};
/* End PBXVariantGroup section */

/* Begin XCBuildConfiguration section */
		3282256B2697621A002628F7 /* Debug */ = {
			isa = XCBuildConfiguration;
			buildSettings = {
				ALWAYS_SEARCH_USER_PATHS = NO;
				CLANG_ANALYZER_NONNULL = YES;
				CLANG_ANALYZER_NUMBER_OBJECT_CONVERSION = YES_AGGRESSIVE;
				CLANG_CXX_LANGUAGE_STANDARD = "gnu++14";
				CLANG_CXX_LIBRARY = "libc++";
				CLANG_ENABLE_MODULES = YES;
				CLANG_ENABLE_OBJC_ARC = YES;
				CLANG_ENABLE_OBJC_WEAK = YES;
				CLANG_WARN_BLOCK_CAPTURE_AUTORELEASING = YES;
				CLANG_WARN_BOOL_CONVERSION = YES;
				CLANG_WARN_COMMA = YES;
				CLANG_WARN_CONSTANT_CONVERSION = YES;
				CLANG_WARN_DEPRECATED_OBJC_IMPLEMENTATIONS = YES;
				CLANG_WARN_DIRECT_OBJC_ISA_USAGE = YES_ERROR;
				CLANG_WARN_DOCUMENTATION_COMMENTS = YES;
				CLANG_WARN_EMPTY_BODY = YES;
				CLANG_WARN_ENUM_CONVERSION = YES;
				CLANG_WARN_INFINITE_RECURSION = YES;
				CLANG_WARN_INT_CONVERSION = YES;
				CLANG_WARN_NON_LITERAL_NULL_CONVERSION = YES;
				CLANG_WARN_OBJC_IMPLICIT_RETAIN_SELF = YES;
				CLANG_WARN_OBJC_LITERAL_CONVERSION = YES;
				CLANG_WARN_OBJC_ROOT_CLASS = YES_ERROR;
				CLANG_WARN_QUOTED_INCLUDE_IN_FRAMEWORK_HEADER = YES;
				CLANG_WARN_RANGE_LOOP_ANALYSIS = YES;
				CLANG_WARN_STRICT_PROTOTYPES = YES;
				CLANG_WARN_SUSPICIOUS_MOVE = YES;
				CLANG_WARN_UNGUARDED_AVAILABILITY = YES_AGGRESSIVE;
				CLANG_WARN_UNREACHABLE_CODE = YES;
				CLANG_WARN__DUPLICATE_METHOD_MATCH = YES;
				COPY_PHASE_STRIP = NO;
				DEBUG_INFORMATION_FORMAT = dwarf;
				ENABLE_STRICT_OBJC_MSGSEND = YES;
				ENABLE_TESTABILITY = YES;
				GCC_C_LANGUAGE_STANDARD = gnu11;
				GCC_DYNAMIC_NO_PIC = NO;
				GCC_NO_COMMON_BLOCKS = YES;
				GCC_OPTIMIZATION_LEVEL = 0;
				GCC_PREPROCESSOR_DEFINITIONS = (
					"DEBUG=1",
					"$(inherited)",
				);
				GCC_WARN_64_TO_32_BIT_CONVERSION = YES;
				GCC_WARN_ABOUT_RETURN_TYPE = YES_ERROR;
				GCC_WARN_UNDECLARED_SELECTOR = YES;
				GCC_WARN_UNINITIALIZED_AUTOS = YES_AGGRESSIVE;
				GCC_WARN_UNUSED_FUNCTION = YES;
				GCC_WARN_UNUSED_VARIABLE = YES;
				IPHONEOS_DEPLOYMENT_TARGET = 14.5;
				MTL_ENABLE_DEBUG_INFO = INCLUDE_SOURCE;
				MTL_FAST_MATH = YES;
				ONLY_ACTIVE_ARCH = YES;
				SDKROOT = iphoneos;
				SWIFT_ACTIVE_COMPILATION_CONDITIONS = DEBUG;
				SWIFT_OPTIMIZATION_LEVEL = "-Onone";
			};
			name = Debug;
		};
		3282256C2697621A002628F7 /* Release */ = {
			isa = XCBuildConfiguration;
			buildSettings = {
				ALWAYS_SEARCH_USER_PATHS = NO;
				CLANG_ANALYZER_NONNULL = YES;
				CLANG_ANALYZER_NUMBER_OBJECT_CONVERSION = YES_AGGRESSIVE;
				CLANG_CXX_LANGUAGE_STANDARD = "gnu++14";
				CLANG_CXX_LIBRARY = "libc++";
				CLANG_ENABLE_MODULES = YES;
				CLANG_ENABLE_OBJC_ARC = YES;
				CLANG_ENABLE_OBJC_WEAK = YES;
				CLANG_WARN_BLOCK_CAPTURE_AUTORELEASING = YES;
				CLANG_WARN_BOOL_CONVERSION = YES;
				CLANG_WARN_COMMA = YES;
				CLANG_WARN_CONSTANT_CONVERSION = YES;
				CLANG_WARN_DEPRECATED_OBJC_IMPLEMENTATIONS = YES;
				CLANG_WARN_DIRECT_OBJC_ISA_USAGE = YES_ERROR;
				CLANG_WARN_DOCUMENTATION_COMMENTS = YES;
				CLANG_WARN_EMPTY_BODY = YES;
				CLANG_WARN_ENUM_CONVERSION = YES;
				CLANG_WARN_INFINITE_RECURSION = YES;
				CLANG_WARN_INT_CONVERSION = YES;
				CLANG_WARN_NON_LITERAL_NULL_CONVERSION = YES;
				CLANG_WARN_OBJC_IMPLICIT_RETAIN_SELF = YES;
				CLANG_WARN_OBJC_LITERAL_CONVERSION = YES;
				CLANG_WARN_OBJC_ROOT_CLASS = YES_ERROR;
				CLANG_WARN_QUOTED_INCLUDE_IN_FRAMEWORK_HEADER = YES;
				CLANG_WARN_RANGE_LOOP_ANALYSIS = YES;
				CLANG_WARN_STRICT_PROTOTYPES = YES;
				CLANG_WARN_SUSPICIOUS_MOVE = YES;
				CLANG_WARN_UNGUARDED_AVAILABILITY = YES_AGGRESSIVE;
				CLANG_WARN_UNREACHABLE_CODE = YES;
				CLANG_WARN__DUPLICATE_METHOD_MATCH = YES;
				COPY_PHASE_STRIP = NO;
				DEBUG_INFORMATION_FORMAT = "dwarf-with-dsym";
				ENABLE_NS_ASSERTIONS = NO;
				ENABLE_STRICT_OBJC_MSGSEND = YES;
				GCC_C_LANGUAGE_STANDARD = gnu11;
				GCC_NO_COMMON_BLOCKS = YES;
				GCC_WARN_64_TO_32_BIT_CONVERSION = YES;
				GCC_WARN_ABOUT_RETURN_TYPE = YES_ERROR;
				GCC_WARN_UNDECLARED_SELECTOR = YES;
				GCC_WARN_UNINITIALIZED_AUTOS = YES_AGGRESSIVE;
				GCC_WARN_UNUSED_FUNCTION = YES;
				GCC_WARN_UNUSED_VARIABLE = YES;
				IPHONEOS_DEPLOYMENT_TARGET = 14.5;
				MTL_ENABLE_DEBUG_INFO = NO;
				MTL_FAST_MATH = YES;
				SDKROOT = iphoneos;
				SWIFT_COMPILATION_MODE = wholemodule;
				SWIFT_OPTIMIZATION_LEVEL = "-O";
				VALIDATE_PRODUCT = YES;
			};
			name = Release;
		};
		3282256E2697621A002628F7 /* Debug */ = {
			isa = XCBuildConfiguration;
			baseConfigurationReference = 731D17DDB6D1D49753B2DF01 /* Pods-SocketIOManager.debug.xcconfig */;
			buildSettings = {
				ASSETCATALOG_COMPILER_APPICON_NAME = AppIcon;
				ASSETCATALOG_COMPILER_GLOBAL_ACCENT_COLOR_NAME = AccentColor;
				CODE_SIGN_STYLE = Automatic;
				DEVELOPMENT_TEAM = 69RSWLFW38;
				INFOPLIST_FILE = SocketIOManager/Info.plist;
				LD_RUNPATH_SEARCH_PATHS = (
					"$(inherited)",
					"@executable_path/Frameworks",
				);
				PRODUCT_BUNDLE_IDENTIFIER = com.dmityonishchuk.ios.SocketIOManager;
				PRODUCT_NAME = "$(TARGET_NAME)";
				SWIFT_VERSION = 5.0;
				TARGETED_DEVICE_FAMILY = "1,2";
			};
			name = Debug;
		};
		3282256F2697621A002628F7 /* Release */ = {
			isa = XCBuildConfiguration;
			baseConfigurationReference = 596D4EFB08D92EE4C933704F /* Pods-SocketIOManager.release.xcconfig */;
			buildSettings = {
				ASSETCATALOG_COMPILER_APPICON_NAME = AppIcon;
				ASSETCATALOG_COMPILER_GLOBAL_ACCENT_COLOR_NAME = AccentColor;
				CODE_SIGN_STYLE = Automatic;
				DEVELOPMENT_TEAM = 69RSWLFW38;
				INFOPLIST_FILE = SocketIOManager/Info.plist;
				LD_RUNPATH_SEARCH_PATHS = (
					"$(inherited)",
					"@executable_path/Frameworks",
				);
				PRODUCT_BUNDLE_IDENTIFIER = com.dmityonishchuk.ios.SocketIOManager;
				PRODUCT_NAME = "$(TARGET_NAME)";
				SWIFT_VERSION = 5.0;
				TARGETED_DEVICE_FAMILY = "1,2";
			};
			name = Release;
		};
/* End XCBuildConfiguration section */

/* Begin XCConfigurationList section */
		3282255426976219002628F7 /* Build configuration list for PBXProject "SocketIOManager" */ = {
			isa = XCConfigurationList;
			buildConfigurations = (
				3282256B2697621A002628F7 /* Debug */,
				3282256C2697621A002628F7 /* Release */,
			);
			defaultConfigurationIsVisible = 0;
			defaultConfigurationName = Release;
		};
		3282256D2697621A002628F7 /* Build configuration list for PBXNativeTarget "SocketIOManager" */ = {
			isa = XCConfigurationList;
			buildConfigurations = (
				3282256E2697621A002628F7 /* Debug */,
				3282256F2697621A002628F7 /* Release */,
			);
			defaultConfigurationIsVisible = 0;
			defaultConfigurationName = Release;
		};
/* End XCConfigurationList section */
	};
	rootObject = 3282255126976219002628F7 /* Project object */;
}
